// !$*UTF8*$!
{
	archiveVersion = 1;
	classes = {
	};
	objectVersion = 50;
	objects = {

/* Begin PBXBuildFile section */
		DAC57E6624FD8FB8005206C4 /* AppDelegate.swift in Sources */ = {isa = PBXBuildFile; fileRef = DAC57E6524FD8FB8005206C4 /* AppDelegate.swift */; };
		DAC57E6824FD8FB8005206C4 /* SceneDelegate.swift in Sources */ = {isa = PBXBuildFile; fileRef = DAC57E6724FD8FB8005206C4 /* SceneDelegate.swift */; };
		DAC57E6A24FD8FB8005206C4 /* ViewController.swift in Sources */ = {isa = PBXBuildFile; fileRef = DAC57E6924FD8FB8005206C4 /* ViewController.swift */; };
		DAC57E6D24FD8FB8005206C4 /* Main.storyboard in Resources */ = {isa = PBXBuildFile; fileRef = DAC57E6B24FD8FB8005206C4 /* Main.storyboard */; };
		DAC57E6F24FD8FBE005206C4 /* Assets.xcassets in Resources */ = {isa = PBXBuildFile; fileRef = DAC57E6E24FD8FBE005206C4 /* Assets.xcassets */; };
		DAC57E7224FD8FBE005206C4 /* LaunchScreen.storyboard in Resources */ = {isa = PBXBuildFile; fileRef = DAC57E7024FD8FBE005206C4 /* LaunchScreen.storyboard */; };
		DAC57E7A24FD9449005206C4 /* CollectionViewCell.swift in Sources */ = {isa = PBXBuildFile; fileRef = DAC57E7924FD9449005206C4 /* CollectionViewCell.swift */; };
/* End PBXBuildFile section */

/* Begin PBXFileReference section */
		DAC57E6224FD8FB8005206C4 /* probability.app */ = {isa = PBXFileReference; explicitFileType = wrapper.application; includeInIndex = 0; path = probability.app; sourceTree = BUILT_PRODUCTS_DIR; };
		DAC57E6524FD8FB8005206C4 /* AppDelegate.swift */ = {isa = PBXFileReference; lastKnownFileType = sourcecode.swift; path = AppDelegate.swift; sourceTree = "<group>"; };
		DAC57E6724FD8FB8005206C4 /* SceneDelegate.swift */ = {isa = PBXFileReference; lastKnownFileType = sourcecode.swift; path = SceneDelegate.swift; sourceTree = "<group>"; };
		DAC57E6924FD8FB8005206C4 /* ViewController.swift */ = {isa = PBXFileReference; lastKnownFileType = sourcecode.swift; path = ViewController.swift; sourceTree = "<group>"; };
		DAC57E6C24FD8FB8005206C4 /* Base */ = {isa = PBXFileReference; lastKnownFileType = file.storyboard; name = Base; path = Base.lproj/Main.storyboard; sourceTree = "<group>"; };
		DAC57E6E24FD8FBE005206C4 /* Assets.xcassets */ = {isa = PBXFileReference; lastKnownFileType = folder.assetcatalog; path = Assets.xcassets; sourceTree = "<group>"; };
		DAC57E7124FD8FBE005206C4 /* Base */ = {isa = PBXFileReference; lastKnownFileType = file.storyboard; name = Base; path = Base.lproj/LaunchScreen.storyboard; sourceTree = "<group>"; };
		DAC57E7324FD8FBE005206C4 /* Info.plist */ = {isa = PBXFileReference; lastKnownFileType = text.plist.xml; path = Info.plist; sourceTree = "<group>"; };
		DAC57E7924FD9449005206C4 /* CollectionViewCell.swift */ = {isa = PBXFileReference; lastKnownFileType = sourcecode.swift; path = CollectionViewCell.swift; sourceTree = "<group>"; };
/* End PBXFileReference section */

/* Begin PBXFrameworksBuildPhase section */
		DAC57E5F24FD8FB8005206C4 /* Frameworks */ = {
			isa = PBXFrameworksBuildPhase;
			buildActionMask = 2147483647;
			files = (
			);
			runOnlyForDeploymentPostprocessing = 0;
		};
/* End PBXFrameworksBuildPhase section */

/* Begin PBXGroup section */
		DAC57E5924FD8FB8005206C4 = {
			isa = PBXGroup;
			children = (
				DAC57E6424FD8FB8005206C4 /* probability */,
				DAC57E6324FD8FB8005206C4 /* Products */,
			);
			sourceTree = "<group>";
		};
		DAC57E6324FD8FB8005206C4 /* Products */ = {
			isa = PBXGroup;
			children = (
				DAC57E6224FD8FB8005206C4 /* probability.app */,
			);
			name = Products;
			sourceTree = "<group>";
		};
		DAC57E6424FD8FB8005206C4 /* probability */ = {
			isa = PBXGroup;
			children = (
				DAC57E6524FD8FB8005206C4 /* AppDelegate.swift */,
				DAC57E6724FD8FB8005206C4 /* SceneDelegate.swift */,
				DAC57E6924FD8FB8005206C4 /* ViewController.swift */,
				DAC57E7924FD9449005206C4 /* CollectionViewCell.swift */,
				DAC57E6B24FD8FB8005206C4 /* Main.storyboard */,
				DAC57E6E24FD8FBE005206C4 /* Assets.xcassets */,
				DAC57E7024FD8FBE005206C4 /* LaunchScreen.storyboard */,
				DAC57E7324FD8FBE005206C4 /* Info.plist */,
			);
			path = probability;
			sourceTree = "<group>";
		};
/* End PBXGroup section */

/* Begin PBXNativeTarget section */
		DAC57E6124FD8FB8005206C4 /* probability */ = {
			isa = PBXNativeTarget;
			buildConfigurationList = DAC57E7624FD8FBE005206C4 /* Build configuration list for PBXNativeTarget "probability" */;
			buildPhases = (
				DAC57E5E24FD8FB8005206C4 /* Sources */,
				DAC57E5F24FD8FB8005206C4 /* Frameworks */,
				DAC57E6024FD8FB8005206C4 /* Resources */,
			);
			buildRules = (
			);
			dependencies = (
			);
			name = probability;
			productName = probability;
			productReference = DAC57E6224FD8FB8005206C4 /* probability.app */;
			productType = "com.apple.product-type.application";
		};
/* End PBXNativeTarget section */

/* Begin PBXProject section */
		DAC57E5A24FD8FB8005206C4 /* Project object */ = {
			isa = PBXProject;
			attributes = {
				LastSwiftUpdateCheck = 1160;
				LastUpgradeCheck = 1160;
				ORGANIZATIONNAME = "Francisco Sainz";
				TargetAttributes = {
					DAC57E6124FD8FB8005206C4 = {
						CreatedOnToolsVersion = 11.6;
					};
				};
			};
			buildConfigurationList = DAC57E5D24FD8FB8005206C4 /* Build configuration list for PBXProject "probability" */;
			compatibilityVersion = "Xcode 9.3";
			developmentRegion = en;
			hasScannedForEncodings = 0;
			knownRegions = (
				en,
				Base,
			);
			mainGroup = DAC57E5924FD8FB8005206C4;
			productRefGroup = DAC57E6324FD8FB8005206C4 /* Products */;
			projectDirPath = "";
			projectRoot = "";
			targets = (
				DAC57E6124FD8FB8005206C4 /* probability */,
			);
		};
/* End PBXProject section */

/* Begin PBXResourcesBuildPhase section */
		DAC57E6024FD8FB8005206C4 /* Resources */ = {
			isa = PBXResourcesBuildPhase;
			buildActionMask = 2147483647;
			files = (
				DAC57E7224FD8FBE005206C4 /* LaunchScreen.storyboard in Resources */,
				DAC57E6F24FD8FBE005206C4 /* Assets.xcassets in Resources */,
				DAC57E6D24FD8FB8005206C4 /* Main.storyboard in Resources */,
			);
			runOnlyForDeploymentPostprocessing = 0;
		};
/* End PBXResourcesBuildPhase section */

/* Begin PBXSourcesBuildPhase section */
		DAC57E5E24FD8FB8005206C4 /* Sources */ = {
			isa = PBXSourcesBuildPhase;
			buildActionMask = 2147483647;
			files = (
				DAC57E6A24FD8FB8005206C4 /* ViewController.swift in Sources */,
				DAC57E6624FD8FB8005206C4 /* AppDelegate.swift in Sources */,
				DAC57E7A24FD9449005206C4 /* CollectionViewCell.swift in Sources */,
				DAC57E6824FD8FB8005206C4 /* SceneDelegate.swift in Sources */,
			);
			runOnlyForDeploymentPostprocessing = 0;
		};
/* End PBXSourcesBuildPhase section */

/* Begin PBXVariantGroup section */
		DAC57E6B24FD8FB8005206C4 /* Main.storyboard */ = {
			isa = PBXVariantGroup;
			children = (
				DAC57E6C24FD8FB8005206C4 /* Base */,
			);
			name = Main.storyboard;
			sourceTree = "<group>";
		};
		DAC57E7024FD8FBE005206C4 /* LaunchScreen.storyboard */ = {
			isa = PBXVariantGroup;
			children = (
				DAC57E7124FD8FBE005206C4 /* Base */,
			);
			name = LaunchScreen.storyboard;
			sourceTree = "<group>";
		};
/* End PBXVariantGroup section */

/* Begin XCBuildConfiguration section */
		DAC57E7424FD8FBE005206C4 /* Debug */ = {
			isa = XCBuildConfiguration;
			buildSettings = {
				ALWAYS_SEARCH_USER_PATHS = NO;
				CLANG_ANALYZER_NONNULL = YES;
				CLANG_ANALYZER_NUMBER_OBJECT_CONVERSION = YES_AGGRESSIVE;
				CLANG_CXX_LANGUAGE_STANDARD = "gnu++14";
				CLANG_CXX_LIBRARY = "libc++";
				CLANG_ENABLE_MODULES = YES;
				CLANG_ENABLE_OBJC_ARC = YES;
				CLANG_ENABLE_OBJC_WEAK = YES;
				CLANG_WARN_BLOCK_CAPTURE_AUTORELEASING = YES;
				CLANG_WARN_BOOL_CONVERSION = YES;
				CLANG_WARN_COMMA = YES;
				CLANG_WARN_CONSTANT_CONVERSION = YES;
				CLANG_WARN_DEPRECATED_OBJC_IMPLEMENTATIONS = YES;
				CLANG_WARN_DIRECT_OBJC_ISA_USAGE = YES_ERROR;
				CLANG_WARN_DOCUMENTATION_COMMENTS = YES;
				CLANG_WARN_EMPTY_BODY = YES;
				CLANG_WARN_ENUM_CONVERSION = YES;
				CLANG_WARN_INFINITE_RECURSION = YES;
				CLANG_WARN_INT_CONVERSION = YES;
				CLANG_WARN_NON_LITERAL_NULL_CONVERSION = YES;
				CLANG_WARN_OBJC_IMPLICIT_RETAIN_SELF = YES;
				CLANG_WARN_OBJC_LITERAL_CONVERSION = YES;
				CLANG_WARN_OBJC_ROOT_CLASS = YES_ERROR;
				CLANG_WARN_RANGE_LOOP_ANALYSIS = YES;
				CLANG_WARN_STRICT_PROTOTYPES = YES;
				CLANG_WARN_SUSPICIOUS_MOVE = YES;
				CLANG_WARN_UNGUARDED_AVAILABILITY = YES_AGGRESSIVE;
				CLANG_WARN_UNREACHABLE_CODE = YES;
				CLANG_WARN__DUPLICATE_METHOD_MATCH = YES;
				COPY_PHASE_STRIP = NO;
				DEBUG_INFORMATION_FORMAT = dwarf;
				ENABLE_STRICT_OBJC_MSGSEND = YES;
				ENABLE_TESTABILITY = YES;
				GCC_C_LANGUAGE_STANDARD = gnu11;
				GCC_DYNAMIC_NO_PIC = NO;
				GCC_NO_COMMON_BLOCKS = YES;
				GCC_OPTIMIZATION_LEVEL = 0;
				GCC_PREPROCESSOR_DEFINITIONS = (
					"DEBUG=1",
					"$(inherited)",
				);
				GCC_WARN_64_TO_32_BIT_CONVERSION = YES;
				GCC_WARN_ABOUT_RETURN_TYPE = YES_ERROR;
				GCC_WARN_UNDECLARED_SELECTOR = YES;
				GCC_WARN_UNINITIALIZED_AUTOS = YES_AGGRESSIVE;
				GCC_WARN_UNUSED_FUNCTION = YES;
				GCC_WARN_UNUSED_VARIABLE = YES;
				IPHONEOS_DEPLOYMENT_TARGET = 13.6;
				MTL_ENABLE_DEBUG_INFO = INCLUDE_SOURCE;
				MTL_FAST_MATH = YES;
				ONLY_ACTIVE_ARCH = YES;
				SDKROOT = iphoneos;
				SWIFT_ACTIVE_COMPILATION_CONDITIONS = DEBUG;
				SWIFT_OPTIMIZATION_LEVEL = "-Onone";
			};
			name = Debug;
		};
		DAC57E7524FD8FBE005206C4 /* Release */ = {
			isa = XCBuildConfiguration;
			buildSettings = {
				ALWAYS_SEARCH_USER_PATHS = NO;
				CLANG_ANALYZER_NONNULL = YES;
				CLANG_ANALYZER_NUMBER_OBJECT_CONVERSION = YES_AGGRESSIVE;
				CLANG_CXX_LANGUAGE_STANDARD = "gnu++14";
				CLANG_CXX_LIBRARY = "libc++";
				CLANG_ENABLE_MODULES = YES;
				CLANG_ENABLE_OBJC_ARC = YES;
				CLANG_ENABLE_OBJC_WEAK = YES;
				CLANG_WARN_BLOCK_CAPTURE_AUTORELEASING = YES;
				CLANG_WARN_BOOL_CONVERSION = YES;
				CLANG_WARN_COMMA = YES;
				CLANG_WARN_CONSTANT_CONVERSION = YES;
				CLANG_WARN_DEPRECATED_OBJC_IMPLEMENTATIONS = YES;
				CLANG_WARN_DIRECT_OBJC_ISA_USAGE = YES_ERROR;
				CLANG_WARN_DOCUMENTATION_COMMENTS = YES;
				CLANG_WARN_EMPTY_BODY = YES;
				CLANG_WARN_ENUM_CONVERSION = YES;
				CLANG_WARN_INFINITE_RECURSION = YES;
				CLANG_WARN_INT_CONVERSION = YES;
				CLANG_WARN_NON_LITERAL_NULL_CONVERSION = YES;
				CLANG_WARN_OBJC_IMPLICIT_RETAIN_SELF = YES;
				CLANG_WARN_OBJC_LITERAL_CONVERSION = YES;
				CLANG_WARN_OBJC_ROOT_CLASS = YES_ERROR;
				CLANG_WARN_RANGE_LOOP_ANALYSIS = YES;
				CLANG_WARN_STRICT_PROTOTYPES = YES;
				CLANG_WARN_SUSPICIOUS_MOVE = YES;
				CLANG_WARN_UNGUARDED_AVAILABILITY = YES_AGGRESSIVE;
				CLANG_WARN_UNREACHABLE_CODE = YES;
				CLANG_WARN__DUPLICATE_METHOD_MATCH = YES;
				COPY_PHASE_STRIP = NO;
				DEBUG_INFORMATION_FORMAT = "dwarf-with-dsym";
				ENABLE_NS_ASSERTIONS = NO;
				ENABLE_STRICT_OBJC_MSGSEND = YES;
				GCC_C_LANGUAGE_STANDARD = gnu11;
				GCC_NO_COMMON_BLOCKS = YES;
				GCC_WARN_64_TO_32_BIT_CONVERSION = YES;
				GCC_WARN_ABOUT_RETURN_TYPE = YES_ERROR;
				GCC_WARN_UNDECLARED_SELECTOR = YES;
				GCC_WARN_UNINITIALIZED_AUTOS = YES_AGGRESSIVE;
				GCC_WARN_UNUSED_FUNCTION = YES;
				GCC_WARN_UNUSED_VARIABLE = YES;
				IPHONEOS_DEPLOYMENT_TARGET = 13.6;
				MTL_ENABLE_DEBUG_INFO = NO;
				MTL_FAST_MATH = YES;
				SDKROOT = iphoneos;
				SWIFT_COMPILATION_MODE = wholemodule;
				SWIFT_OPTIMIZATION_LEVEL = "-O";
				VALIDATE_PRODUCT = YES;
			};
			name = Release;
		};
		DAC57E7724FD8FBE005206C4 /* Debug */ = {
			isa = XCBuildConfiguration;
			buildSettings = {
				ASSETCATALOG_COMPILER_APPICON_NAME = AppIcon;
				CODE_SIGN_STYLE = Automatic;
				DEVELOPMENT_TEAM = A2Y4895Q34;
				INFOPLIST_FILE = probability/Info.plist;
				LD_RUNPATH_SEARCH_PATHS = (
					"$(inherited)",
					"@executable_path/Frameworks",
				);
				PRODUCT_BUNDLE_IDENTIFIER = org.paco.probability;
				PRODUCT_NAME = "$(TARGET_NAME)";
				SWIFT_VERSION = 5.0;
				TARGETED_DEVICE_FAMILY = "1,2";
			};
			name = Debug;
		};
		DAC57E7824FD8FBE005206C4 /* Release */ = {
			isa = XCBuildConfiguration;
			buildSettings = {
				ASSETCATALOG_COMPILER_APPICON_NAME = AppIcon;
				CODE_SIGN_STYLE = Automatic;
				DEVELOPMENT_TEAM = A2Y4895Q34;
				INFOPLIST_FILE = probability/Info.plist;
				LD_RUNPATH_SEARCH_PATHS = (
					"$(inherited)",
					"@executable_path/Frameworks",
				);
				PRODUCT_BUNDLE_IDENTIFIER = org.paco.probability;
				PRODUCT_NAME = "$(TARGET_NAME)";
				SWIFT_VERSION = 5.0;
				TARGETED_DEVICE_FAMILY = "1,2";
			};
			name = Release;
		};
/* End XCBuildConfiguration section */

/* Begin XCConfigurationList section */
		DAC57E5D24FD8FB8005206C4 /* Build configuration list for PBXProject "probability" */ = {
			isa = XCConfigurationList;
			buildConfigurations = (
				DAC57E7424FD8FBE005206C4 /* Debug */,
				DAC57E7524FD8FBE005206C4 /* Release */,
			);
			defaultConfigurationIsVisible = 0;
			defaultConfigurationName = Release;
		};
		DAC57E7624FD8FBE005206C4 /* Build configuration list for PBXNativeTarget "probability" */ = {
			isa = XCConfigurationList;
			buildConfigurations = (
				DAC57E7724FD8FBE005206C4 /* Debug */,
				DAC57E7824FD8FBE005206C4 /* Release */,
			);
			defaultConfigurationIsVisible = 0;
			defaultConfigurationName = Release;
		};
/* End XCConfigurationList section */
	};
	rootObject = DAC57E5A24FD8FB8005206C4 /* Project object */;
}
