// !$*UTF8*$!
{
	archiveVersion = 1;
	classes = {
	};
	objectVersion = 50;
	objects = {

/* Begin PBXBuildFile section */
		DA688BC0250FC0EF0059C4CD /* AppDelegate.swift in Sources */ = {isa = PBXBuildFile; fileRef = DA688BBF250FC0EF0059C4CD /* AppDelegate.swift */; };
		DA688BC2250FC0EF0059C4CD /* SceneDelegate.swift in Sources */ = {isa = PBXBuildFile; fileRef = DA688BC1250FC0EF0059C4CD /* SceneDelegate.swift */; };
		DA688BC7250FC0EF0059C4CD /* Main.storyboard in Resources */ = {isa = PBXBuildFile; fileRef = DA688BC5250FC0EF0059C4CD /* Main.storyboard */; };
		DA688BC9250FC0F20059C4CD /* Assets.xcassets in Resources */ = {isa = PBXBuildFile; fileRef = DA688BC8250FC0F20059C4CD /* Assets.xcassets */; };
		DA688BCC250FC0F20059C4CD /* LaunchScreen.storyboard in Resources */ = {isa = PBXBuildFile; fileRef = DA688BCA250FC0F20059C4CD /* LaunchScreen.storyboard */; };
		DA688BD4250FC15B0059C4CD /* TableViewController.swift in Sources */ = {isa = PBXBuildFile; fileRef = DA688BD3250FC15B0059C4CD /* TableViewController.swift */; };
		DA688BD6250FC6E40059C4CD /* DetailViewController.swift in Sources */ = {isa = PBXBuildFile; fileRef = DA688BD5250FC6E40059C4CD /* DetailViewController.swift */; };
/* End PBXBuildFile section */

/* Begin PBXFileReference section */
		DA688BBC250FC0EF0059C4CD /* TableVIewController.app */ = {isa = PBXFileReference; explicitFileType = wrapper.application; includeInIndex = 0; path = TableVIewController.app; sourceTree = BUILT_PRODUCTS_DIR; };
		DA688BBF250FC0EF0059C4CD /* AppDelegate.swift */ = {isa = PBXFileReference; lastKnownFileType = sourcecode.swift; path = AppDelegate.swift; sourceTree = "<group>"; };
		DA688BC1250FC0EF0059C4CD /* SceneDelegate.swift */ = {isa = PBXFileReference; lastKnownFileType = sourcecode.swift; path = SceneDelegate.swift; sourceTree = "<group>"; };
		DA688BC6250FC0EF0059C4CD /* Base */ = {isa = PBXFileReference; lastKnownFileType = file.storyboard; name = Base; path = Base.lproj/Main.storyboard; sourceTree = "<group>"; };
		DA688BC8250FC0F20059C4CD /* Assets.xcassets */ = {isa = PBXFileReference; lastKnownFileType = folder.assetcatalog; path = Assets.xcassets; sourceTree = "<group>"; };
		DA688BCB250FC0F20059C4CD /* Base */ = {isa = PBXFileReference; lastKnownFileType = file.storyboard; name = Base; path = Base.lproj/LaunchScreen.storyboard; sourceTree = "<group>"; };
		DA688BCD250FC0F20059C4CD /* Info.plist */ = {isa = PBXFileReference; lastKnownFileType = text.plist.xml; path = Info.plist; sourceTree = "<group>"; };
		DA688BD3250FC15B0059C4CD /* TableViewController.swift */ = {isa = PBXFileReference; lastKnownFileType = sourcecode.swift; path = TableViewController.swift; sourceTree = "<group>"; };
		DA688BD5250FC6E40059C4CD /* DetailViewController.swift */ = {isa = PBXFileReference; lastKnownFileType = sourcecode.swift; path = DetailViewController.swift; sourceTree = "<group>"; };
/* End PBXFileReference section */

/* Begin PBXFrameworksBuildPhase section */
		DA688BB9250FC0EF0059C4CD /* Frameworks */ = {
			isa = PBXFrameworksBuildPhase;
			buildActionMask = 2147483647;
			files = (
			);
			runOnlyForDeploymentPostprocessing = 0;
		};
/* End PBXFrameworksBuildPhase section */

/* Begin PBXGroup section */
		DA688BB3250FC0EF0059C4CD = {
			isa = PBXGroup;
			children = (
				DA688BBE250FC0EF0059C4CD /* TableVIewController */,
				DA688BBD250FC0EF0059C4CD /* Products */,
			);
			sourceTree = "<group>";
		};
		DA688BBD250FC0EF0059C4CD /* Products */ = {
			isa = PBXGroup;
			children = (
				DA688BBC250FC0EF0059C4CD /* TableVIewController.app */,
			);
			name = Products;
			sourceTree = "<group>";
		};
		DA688BBE250FC0EF0059C4CD /* TableVIewController */ = {
			isa = PBXGroup;
			children = (
				DA688BBF250FC0EF0059C4CD /* AppDelegate.swift */,
				DA688BC1250FC0EF0059C4CD /* SceneDelegate.swift */,
				DA688BC5250FC0EF0059C4CD /* Main.storyboard */,
				DA688BD3250FC15B0059C4CD /* TableViewController.swift */,
				DA688BD5250FC6E40059C4CD /* DetailViewController.swift */,
				DA688BC8250FC0F20059C4CD /* Assets.xcassets */,
				DA688BCA250FC0F20059C4CD /* LaunchScreen.storyboard */,
				DA688BCD250FC0F20059C4CD /* Info.plist */,
			);
			path = TableVIewController;
			sourceTree = "<group>";
		};
/* End PBXGroup section */

/* Begin PBXNativeTarget section */
		DA688BBB250FC0EF0059C4CD /* TableVIewController */ = {
			isa = PBXNativeTarget;
			buildConfigurationList = DA688BD0250FC0F20059C4CD /* Build configuration list for PBXNativeTarget "TableVIewController" */;
			buildPhases = (
				DA688BB8250FC0EF0059C4CD /* Sources */,
				DA688BB9250FC0EF0059C4CD /* Frameworks */,
				DA688BBA250FC0EF0059C4CD /* Resources */,
			);
			buildRules = (
			);
			dependencies = (
			);
			name = TableVIewController;
			productName = TableVIewController;
			productReference = DA688BBC250FC0EF0059C4CD /* TableVIewController.app */;
			productType = "com.apple.product-type.application";
		};
/* End PBXNativeTarget section */

/* Begin PBXProject section */
		DA688BB4250FC0EF0059C4CD /* Project object */ = {
			isa = PBXProject;
			attributes = {
				LastSwiftUpdateCheck = 1160;
				LastUpgradeCheck = 1160;
				ORGANIZATIONNAME = "Francisco Sainz";
				TargetAttributes = {
					DA688BBB250FC0EF0059C4CD = {
						CreatedOnToolsVersion = 11.6;
					};
				};
			};
			buildConfigurationList = DA688BB7250FC0EF0059C4CD /* Build configuration list for PBXProject "TableVIewController" */;
			compatibilityVersion = "Xcode 9.3";
			developmentRegion = en;
			hasScannedForEncodings = 0;
			knownRegions = (
				en,
				Base,
			);
			mainGroup = DA688BB3250FC0EF0059C4CD;
			productRefGroup = DA688BBD250FC0EF0059C4CD /* Products */;
			projectDirPath = "";
			projectRoot = "";
			targets = (
				DA688BBB250FC0EF0059C4CD /* TableVIewController */,
			);
		};
/* End PBXProject section */

/* Begin PBXResourcesBuildPhase section */
		DA688BBA250FC0EF0059C4CD /* Resources */ = {
			isa = PBXResourcesBuildPhase;
			buildActionMask = 2147483647;
			files = (
				DA688BCC250FC0F20059C4CD /* LaunchScreen.storyboard in Resources */,
				DA688BC9250FC0F20059C4CD /* Assets.xcassets in Resources */,
				DA688BC7250FC0EF0059C4CD /* Main.storyboard in Resources */,
			);
			runOnlyForDeploymentPostprocessing = 0;
		};
/* End PBXResourcesBuildPhase section */

/* Begin PBXSourcesBuildPhase section */
		DA688BB8250FC0EF0059C4CD /* Sources */ = {
			isa = PBXSourcesBuildPhase;
			buildActionMask = 2147483647;
			files = (
				DA688BC0250FC0EF0059C4CD /* AppDelegate.swift in Sources */,
				DA688BD6250FC6E40059C4CD /* DetailViewController.swift in Sources */,
				DA688BC2250FC0EF0059C4CD /* SceneDelegate.swift in Sources */,
				DA688BD4250FC15B0059C4CD /* TableViewController.swift in Sources */,
			);
			runOnlyForDeploymentPostprocessing = 0;
		};
/* End PBXSourcesBuildPhase section */

/* Begin PBXVariantGroup section */
		DA688BC5250FC0EF0059C4CD /* Main.storyboard */ = {
			isa = PBXVariantGroup;
			children = (
				DA688BC6250FC0EF0059C4CD /* Base */,
			);
			name = Main.storyboard;
			sourceTree = "<group>";
		};
		DA688BCA250FC0F20059C4CD /* LaunchScreen.storyboard */ = {
			isa = PBXVariantGroup;
			children = (
				DA688BCB250FC0F20059C4CD /* Base */,
			);
			name = LaunchScreen.storyboard;
			sourceTree = "<group>";
		};
/* End PBXVariantGroup section */

/* Begin XCBuildConfiguration section */
		DA688BCE250FC0F20059C4CD /* Debug */ = {
			isa = XCBuildConfiguration;
			buildSettings = {
				ALWAYS_SEARCH_USER_PATHS = NO;
				CLANG_ANALYZER_NONNULL = YES;
				CLANG_ANALYZER_NUMBER_OBJECT_CONVERSION = YES_AGGRESSIVE;
				CLANG_CXX_LANGUAGE_STANDARD = "gnu++14";
				CLANG_CXX_LIBRARY = "libc++";
				CLANG_ENABLE_MODULES = YES;
				CLANG_ENABLE_OBJC_ARC = YES;
				CLANG_ENABLE_OBJC_WEAK = YES;
				CLANG_WARN_BLOCK_CAPTURE_AUTORELEASING = YES;
				CLANG_WARN_BOOL_CONVERSION = YES;
				CLANG_WARN_COMMA = YES;
				CLANG_WARN_CONSTANT_CONVERSION = YES;
				CLANG_WARN_DEPRECATED_OBJC_IMPLEMENTATIONS = YES;
				CLANG_WARN_DIRECT_OBJC_ISA_USAGE = YES_ERROR;
				CLANG_WARN_DOCUMENTATION_COMMENTS = YES;
				CLANG_WARN_EMPTY_BODY = YES;
				CLANG_WARN_ENUM_CONVERSION = YES;
				CLANG_WARN_INFINITE_RECURSION = YES;
				CLANG_WARN_INT_CONVERSION = YES;
				CLANG_WARN_NON_LITERAL_NULL_CONVERSION = YES;
				CLANG_WARN_OBJC_IMPLICIT_RETAIN_SELF = YES;
				CLANG_WARN_OBJC_LITERAL_CONVERSION = YES;
				CLANG_WARN_OBJC_ROOT_CLASS = YES_ERROR;
				CLANG_WARN_RANGE_LOOP_ANALYSIS = YES;
				CLANG_WARN_STRICT_PROTOTYPES = YES;
				CLANG_WARN_SUSPICIOUS_MOVE = YES;
				CLANG_WARN_UNGUARDED_AVAILABILITY = YES_AGGRESSIVE;
				CLANG_WARN_UNREACHABLE_CODE = YES;
				CLANG_WARN__DUPLICATE_METHOD_MATCH = YES;
				COPY_PHASE_STRIP = NO;
				DEBUG_INFORMATION_FORMAT = dwarf;
				ENABLE_STRICT_OBJC_MSGSEND = YES;
				ENABLE_TESTABILITY = YES;
				GCC_C_LANGUAGE_STANDARD = gnu11;
				GCC_DYNAMIC_NO_PIC = NO;
				GCC_NO_COMMON_BLOCKS = YES;
				GCC_OPTIMIZATION_LEVEL = 0;
				GCC_PREPROCESSOR_DEFINITIONS = (
					"DEBUG=1",
					"$(inherited)",
				);
				GCC_WARN_64_TO_32_BIT_CONVERSION = YES;
				GCC_WARN_ABOUT_RETURN_TYPE = YES_ERROR;
				GCC_WARN_UNDECLARED_SELECTOR = YES;
				GCC_WARN_UNINITIALIZED_AUTOS = YES_AGGRESSIVE;
				GCC_WARN_UNUSED_FUNCTION = YES;
				GCC_WARN_UNUSED_VARIABLE = YES;
				IPHONEOS_DEPLOYMENT_TARGET = 13.6;
				MTL_ENABLE_DEBUG_INFO = INCLUDE_SOURCE;
				MTL_FAST_MATH = YES;
				ONLY_ACTIVE_ARCH = YES;
				SDKROOT = iphoneos;
				SWIFT_ACTIVE_COMPILATION_CONDITIONS = DEBUG;
				SWIFT_OPTIMIZATION_LEVEL = "-Onone";
			};
			name = Debug;
		};
		DA688BCF250FC0F20059C4CD /* Release */ = {
			isa = XCBuildConfiguration;
			buildSettings = {
				ALWAYS_SEARCH_USER_PATHS = NO;
				CLANG_ANALYZER_NONNULL = YES;
				CLANG_ANALYZER_NUMBER_OBJECT_CONVERSION = YES_AGGRESSIVE;
				CLANG_CXX_LANGUAGE_STANDARD = "gnu++14";
				CLANG_CXX_LIBRARY = "libc++";
				CLANG_ENABLE_MODULES = YES;
				CLANG_ENABLE_OBJC_ARC = YES;
				CLANG_ENABLE_OBJC_WEAK = YES;
				CLANG_WARN_BLOCK_CAPTURE_AUTORELEASING = YES;
				CLANG_WARN_BOOL_CONVERSION = YES;
				CLANG_WARN_COMMA = YES;
				CLANG_WARN_CONSTANT_CONVERSION = YES;
				CLANG_WARN_DEPRECATED_OBJC_IMPLEMENTATIONS = YES;
				CLANG_WARN_DIRECT_OBJC_ISA_USAGE = YES_ERROR;
				CLANG_WARN_DOCUMENTATION_COMMENTS = YES;
				CLANG_WARN_EMPTY_BODY = YES;
				CLANG_WARN_ENUM_CONVERSION = YES;
				CLANG_WARN_INFINITE_RECURSION = YES;
				CLANG_WARN_INT_CONVERSION = YES;
				CLANG_WARN_NON_LITERAL_NULL_CONVERSION = YES;
				CLANG_WARN_OBJC_IMPLICIT_RETAIN_SELF = YES;
				CLANG_WARN_OBJC_LITERAL_CONVERSION = YES;
				CLANG_WARN_OBJC_ROOT_CLASS = YES_ERROR;
				CLANG_WARN_RANGE_LOOP_ANALYSIS = YES;
				CLANG_WARN_STRICT_PROTOTYPES = YES;
				CLANG_WARN_SUSPICIOUS_MOVE = YES;
				CLANG_WARN_UNGUARDED_AVAILABILITY = YES_AGGRESSIVE;
				CLANG_WARN_UNREACHABLE_CODE = YES;
				CLANG_WARN__DUPLICATE_METHOD_MATCH = YES;
				COPY_PHASE_STRIP = NO;
				DEBUG_INFORMATION_FORMAT = "dwarf-with-dsym";
				ENABLE_NS_ASSERTIONS = NO;
				ENABLE_STRICT_OBJC_MSGSEND = YES;
				GCC_C_LANGUAGE_STANDARD = gnu11;
				GCC_NO_COMMON_BLOCKS = YES;
				GCC_WARN_64_TO_32_BIT_CONVERSION = YES;
				GCC_WARN_ABOUT_RETURN_TYPE = YES_ERROR;
				GCC_WARN_UNDECLARED_SELECTOR = YES;
				GCC_WARN_UNINITIALIZED_AUTOS = YES_AGGRESSIVE;
				GCC_WARN_UNUSED_FUNCTION = YES;
				GCC_WARN_UNUSED_VARIABLE = YES;
				IPHONEOS_DEPLOYMENT_TARGET = 13.6;
				MTL_ENABLE_DEBUG_INFO = NO;
				MTL_FAST_MATH = YES;
				SDKROOT = iphoneos;
				SWIFT_COMPILATION_MODE = wholemodule;
				SWIFT_OPTIMIZATION_LEVEL = "-O";
				VALIDATE_PRODUCT = YES;
			};
			name = Release;
		};
		DA688BD1250FC0F20059C4CD /* Debug */ = {
			isa = XCBuildConfiguration;
			buildSettings = {
				ASSETCATALOG_COMPILER_APPICON_NAME = AppIcon;
				CODE_SIGN_STYLE = Automatic;
				DEVELOPMENT_TEAM = A2Y4895Q34;
				INFOPLIST_FILE = TableVIewController/Info.plist;
				LD_RUNPATH_SEARCH_PATHS = (
					"$(inherited)",
					"@executable_path/Frameworks",
				);
				PRODUCT_BUNDLE_IDENTIFIER = org.paco.TableVIewController;
				PRODUCT_NAME = "$(TARGET_NAME)";
				SWIFT_VERSION = 5.0;
				TARGETED_DEVICE_FAMILY = "1,2";
			};
			name = Debug;
		};
		DA688BD2250FC0F20059C4CD /* Release */ = {
			isa = XCBuildConfiguration;
			buildSettings = {
				ASSETCATALOG_COMPILER_APPICON_NAME = AppIcon;
				CODE_SIGN_STYLE = Automatic;
				DEVELOPMENT_TEAM = A2Y4895Q34;
				INFOPLIST_FILE = TableVIewController/Info.plist;
				LD_RUNPATH_SEARCH_PATHS = (
					"$(inherited)",
					"@executable_path/Frameworks",
				);
				PRODUCT_BUNDLE_IDENTIFIER = org.paco.TableVIewController;
				PRODUCT_NAME = "$(TARGET_NAME)";
				SWIFT_VERSION = 5.0;
				TARGETED_DEVICE_FAMILY = "1,2";
			};
			name = Release;
		};
/* End XCBuildConfiguration section */

/* Begin XCConfigurationList section */
		DA688BB7250FC0EF0059C4CD /* Build configuration list for PBXProject "TableVIewController" */ = {
			isa = XCConfigurationList;
			buildConfigurations = (
				DA688BCE250FC0F20059C4CD /* Debug */,
				DA688BCF250FC0F20059C4CD /* Release */,
			);
			defaultConfigurationIsVisible = 0;
			defaultConfigurationName = Release;
		};
		DA688BD0250FC0F20059C4CD /* Build configuration list for PBXNativeTarget "TableVIewController" */ = {
			isa = XCConfigurationList;
			buildConfigurations = (
				DA688BD1250FC0F20059C4CD /* Debug */,
				DA688BD2250FC0F20059C4CD /* Release */,
			);
			defaultConfigurationIsVisible = 0;
			defaultConfigurationName = Release;
		};
/* End XCConfigurationList section */
	};
	rootObject = DA688BB4250FC0EF0059C4CD /* Project object */;
}
