// !$*UTF8*$!
{
	archiveVersion = 1;
	classes = {
	};
	objectVersion = 50;
	objects = {

/* Begin PBXBuildFile section */
		DACE8C8A2513B2D5002C8BA9 /* AppDelegate.swift in Sources */ = {isa = PBXBuildFile; fileRef = DACE8C892513B2D5002C8BA9 /* AppDelegate.swift */; };
		DACE8C8C2513B2D5002C8BA9 /* SceneDelegate.swift in Sources */ = {isa = PBXBuildFile; fileRef = DACE8C8B2513B2D5002C8BA9 /* SceneDelegate.swift */; };
		DACE8C8E2513B2D5002C8BA9 /* ViewController.swift in Sources */ = {isa = PBXBuildFile; fileRef = DACE8C8D2513B2D5002C8BA9 /* ViewController.swift */; };
		DACE8C912513B2D5002C8BA9 /* Main.storyboard in Resources */ = {isa = PBXBuildFile; fileRef = DACE8C8F2513B2D5002C8BA9 /* Main.storyboard */; };
		DACE8C932513B2D8002C8BA9 /* Assets.xcassets in Resources */ = {isa = PBXBuildFile; fileRef = DACE8C922513B2D8002C8BA9 /* Assets.xcassets */; };
		DACE8C962513B2D8002C8BA9 /* LaunchScreen.storyboard in Resources */ = {isa = PBXBuildFile; fileRef = DACE8C942513B2D8002C8BA9 /* LaunchScreen.storyboard */; };
/* End PBXBuildFile section */

/* Begin PBXFileReference section */
		DACE8C862513B2D5002C8BA9 /* parcial.app */ = {isa = PBXFileReference; explicitFileType = wrapper.application; includeInIndex = 0; path = parcial.app; sourceTree = BUILT_PRODUCTS_DIR; };
		DACE8C892513B2D5002C8BA9 /* AppDelegate.swift */ = {isa = PBXFileReference; lastKnownFileType = sourcecode.swift; path = AppDelegate.swift; sourceTree = "<group>"; };
		DACE8C8B2513B2D5002C8BA9 /* SceneDelegate.swift */ = {isa = PBXFileReference; lastKnownFileType = sourcecode.swift; path = SceneDelegate.swift; sourceTree = "<group>"; };
		DACE8C8D2513B2D5002C8BA9 /* ViewController.swift */ = {isa = PBXFileReference; lastKnownFileType = sourcecode.swift; path = ViewController.swift; sourceTree = "<group>"; };
		DACE8C902513B2D5002C8BA9 /* Base */ = {isa = PBXFileReference; lastKnownFileType = file.storyboard; name = Base; path = Base.lproj/Main.storyboard; sourceTree = "<group>"; };
		DACE8C922513B2D8002C8BA9 /* Assets.xcassets */ = {isa = PBXFileReference; lastKnownFileType = folder.assetcatalog; path = Assets.xcassets; sourceTree = "<group>"; };
		DACE8C952513B2D8002C8BA9 /* Base */ = {isa = PBXFileReference; lastKnownFileType = file.storyboard; name = Base; path = Base.lproj/LaunchScreen.storyboard; sourceTree = "<group>"; };
		DACE8C972513B2D8002C8BA9 /* Info.plist */ = {isa = PBXFileReference; lastKnownFileType = text.plist.xml; path = Info.plist; sourceTree = "<group>"; };
/* End PBXFileReference section */

/* Begin PBXFrameworksBuildPhase section */
		DACE8C832513B2D5002C8BA9 /* Frameworks */ = {
			isa = PBXFrameworksBuildPhase;
			buildActionMask = 2147483647;
			files = (
			);
			runOnlyForDeploymentPostprocessing = 0;
		};
/* End PBXFrameworksBuildPhase section */

/* Begin PBXGroup section */
		DACE8C7D2513B2D5002C8BA9 = {
			isa = PBXGroup;
			children = (
				DACE8C882513B2D5002C8BA9 /* parcial */,
				DACE8C872513B2D5002C8BA9 /* Products */,
			);
			sourceTree = "<group>";
		};
		DACE8C872513B2D5002C8BA9 /* Products */ = {
			isa = PBXGroup;
			children = (
				DACE8C862513B2D5002C8BA9 /* parcial.app */,
			);
			name = Products;
			sourceTree = "<group>";
		};
		DACE8C882513B2D5002C8BA9 /* parcial */ = {
			isa = PBXGroup;
			children = (
				DACE8C892513B2D5002C8BA9 /* AppDelegate.swift */,
				DACE8C8B2513B2D5002C8BA9 /* SceneDelegate.swift */,
				DACE8C8D2513B2D5002C8BA9 /* ViewController.swift */,
				DACE8C8F2513B2D5002C8BA9 /* Main.storyboard */,
				DACE8C922513B2D8002C8BA9 /* Assets.xcassets */,
				DACE8C942513B2D8002C8BA9 /* LaunchScreen.storyboard */,
				DACE8C972513B2D8002C8BA9 /* Info.plist */,
			);
			path = parcial;
			sourceTree = "<group>";
		};
/* End PBXGroup section */

/* Begin PBXNativeTarget section */
		DACE8C852513B2D5002C8BA9 /* parcial */ = {
			isa = PBXNativeTarget;
			buildConfigurationList = DACE8C9A2513B2D8002C8BA9 /* Build configuration list for PBXNativeTarget "parcial" */;
			buildPhases = (
				DACE8C822513B2D5002C8BA9 /* Sources */,
				DACE8C832513B2D5002C8BA9 /* Frameworks */,
				DACE8C842513B2D5002C8BA9 /* Resources */,
			);
			buildRules = (
			);
			dependencies = (
			);
			name = parcial;
			productName = parcial;
			productReference = DACE8C862513B2D5002C8BA9 /* parcial.app */;
			productType = "com.apple.product-type.application";
		};
/* End PBXNativeTarget section */

/* Begin PBXProject section */
		DACE8C7E2513B2D5002C8BA9 /* Project object */ = {
			isa = PBXProject;
			attributes = {
				LastSwiftUpdateCheck = 1170;
				LastUpgradeCheck = 1170;
				ORGANIZATIONNAME = "Francisco Sainz";
				TargetAttributes = {
					DACE8C852513B2D5002C8BA9 = {
						CreatedOnToolsVersion = 11.7;
					};
				};
			};
			buildConfigurationList = DACE8C812513B2D5002C8BA9 /* Build configuration list for PBXProject "parcial" */;
			compatibilityVersion = "Xcode 9.3";
			developmentRegion = en;
			hasScannedForEncodings = 0;
			knownRegions = (
				en,
				Base,
			);
			mainGroup = DACE8C7D2513B2D5002C8BA9;
			productRefGroup = DACE8C872513B2D5002C8BA9 /* Products */;
			projectDirPath = "";
			projectRoot = "";
			targets = (
				DACE8C852513B2D5002C8BA9 /* parcial */,
			);
		};
/* End PBXProject section */

/* Begin PBXResourcesBuildPhase section */
		DACE8C842513B2D5002C8BA9 /* Resources */ = {
			isa = PBXResourcesBuildPhase;
			buildActionMask = 2147483647;
			files = (
				DACE8C962513B2D8002C8BA9 /* LaunchScreen.storyboard in Resources */,
				DACE8C932513B2D8002C8BA9 /* Assets.xcassets in Resources */,
				DACE8C912513B2D5002C8BA9 /* Main.storyboard in Resources */,
			);
			runOnlyForDeploymentPostprocessing = 0;
		};
/* End PBXResourcesBuildPhase section */

/* Begin PBXSourcesBuildPhase section */
		DACE8C822513B2D5002C8BA9 /* Sources */ = {
			isa = PBXSourcesBuildPhase;
			buildActionMask = 2147483647;
			files = (
				DACE8C8E2513B2D5002C8BA9 /* ViewController.swift in Sources */,
				DACE8C8A2513B2D5002C8BA9 /* AppDelegate.swift in Sources */,
				DACE8C8C2513B2D5002C8BA9 /* SceneDelegate.swift in Sources */,
			);
			runOnlyForDeploymentPostprocessing = 0;
		};
/* End PBXSourcesBuildPhase section */

/* Begin PBXVariantGroup section */
		DACE8C8F2513B2D5002C8BA9 /* Main.storyboard */ = {
			isa = PBXVariantGroup;
			children = (
				DACE8C902513B2D5002C8BA9 /* Base */,
			);
			name = Main.storyboard;
			sourceTree = "<group>";
		};
		DACE8C942513B2D8002C8BA9 /* LaunchScreen.storyboard */ = {
			isa = PBXVariantGroup;
			children = (
				DACE8C952513B2D8002C8BA9 /* Base */,
			);
			name = LaunchScreen.storyboard;
			sourceTree = "<group>";
		};
/* End PBXVariantGroup section */

/* Begin XCBuildConfiguration section */
		DACE8C982513B2D8002C8BA9 /* Debug */ = {
			isa = XCBuildConfiguration;
			buildSettings = {
				ALWAYS_SEARCH_USER_PATHS = NO;
				CLANG_ANALYZER_NONNULL = YES;
				CLANG_ANALYZER_NUMBER_OBJECT_CONVERSION = YES_AGGRESSIVE;
				CLANG_CXX_LANGUAGE_STANDARD = "gnu++14";
				CLANG_CXX_LIBRARY = "libc++";
				CLANG_ENABLE_MODULES = YES;
				CLANG_ENABLE_OBJC_ARC = YES;
				CLANG_ENABLE_OBJC_WEAK = YES;
				CLANG_WARN_BLOCK_CAPTURE_AUTORELEASING = YES;
				CLANG_WARN_BOOL_CONVERSION = YES;
				CLANG_WARN_COMMA = YES;
				CLANG_WARN_CONSTANT_CONVERSION = YES;
				CLANG_WARN_DEPRECATED_OBJC_IMPLEMENTATIONS = YES;
				CLANG_WARN_DIRECT_OBJC_ISA_USAGE = YES_ERROR;
				CLANG_WARN_DOCUMENTATION_COMMENTS = YES;
				CLANG_WARN_EMPTY_BODY = YES;
				CLANG_WARN_ENUM_CONVERSION = YES;
				CLANG_WARN_INFINITE_RECURSION = YES;
				CLANG_WARN_INT_CONVERSION = YES;
				CLANG_WARN_NON_LITERAL_NULL_CONVERSION = YES;
				CLANG_WARN_OBJC_IMPLICIT_RETAIN_SELF = YES;
				CLANG_WARN_OBJC_LITERAL_CONVERSION = YES;
				CLANG_WARN_OBJC_ROOT_CLASS = YES_ERROR;
				CLANG_WARN_RANGE_LOOP_ANALYSIS = YES;
				CLANG_WARN_STRICT_PROTOTYPES = YES;
				CLANG_WARN_SUSPICIOUS_MOVE = YES;
				CLANG_WARN_UNGUARDED_AVAILABILITY = YES_AGGRESSIVE;
				CLANG_WARN_UNREACHABLE_CODE = YES;
				CLANG_WARN__DUPLICATE_METHOD_MATCH = YES;
				COPY_PHASE_STRIP = NO;
				DEBUG_INFORMATION_FORMAT = dwarf;
				ENABLE_STRICT_OBJC_MSGSEND = YES;
				ENABLE_TESTABILITY = YES;
				GCC_C_LANGUAGE_STANDARD = gnu11;
				GCC_DYNAMIC_NO_PIC = NO;
				GCC_NO_COMMON_BLOCKS = YES;
				GCC_OPTIMIZATION_LEVEL = 0;
				GCC_PREPROCESSOR_DEFINITIONS = (
					"DEBUG=1",
					"$(inherited)",
				);
				GCC_WARN_64_TO_32_BIT_CONVERSION = YES;
				GCC_WARN_ABOUT_RETURN_TYPE = YES_ERROR;
				GCC_WARN_UNDECLARED_SELECTOR = YES;
				GCC_WARN_UNINITIALIZED_AUTOS = YES_AGGRESSIVE;
				GCC_WARN_UNUSED_FUNCTION = YES;
				GCC_WARN_UNUSED_VARIABLE = YES;
				IPHONEOS_DEPLOYMENT_TARGET = 13.7;
				MTL_ENABLE_DEBUG_INFO = INCLUDE_SOURCE;
				MTL_FAST_MATH = YES;
				ONLY_ACTIVE_ARCH = YES;
				SDKROOT = iphoneos;
				SWIFT_ACTIVE_COMPILATION_CONDITIONS = DEBUG;
				SWIFT_OPTIMIZATION_LEVEL = "-Onone";
			};
			name = Debug;
		};
		DACE8C992513B2D8002C8BA9 /* Release */ = {
			isa = XCBuildConfiguration;
			buildSettings = {
				ALWAYS_SEARCH_USER_PATHS = NO;
				CLANG_ANALYZER_NONNULL = YES;
				CLANG_ANALYZER_NUMBER_OBJECT_CONVERSION = YES_AGGRESSIVE;
				CLANG_CXX_LANGUAGE_STANDARD = "gnu++14";
				CLANG_CXX_LIBRARY = "libc++";
				CLANG_ENABLE_MODULES = YES;
				CLANG_ENABLE_OBJC_ARC = YES;
				CLANG_ENABLE_OBJC_WEAK = YES;
				CLANG_WARN_BLOCK_CAPTURE_AUTORELEASING = YES;
				CLANG_WARN_BOOL_CONVERSION = YES;
				CLANG_WARN_COMMA = YES;
				CLANG_WARN_CONSTANT_CONVERSION = YES;
				CLANG_WARN_DEPRECATED_OBJC_IMPLEMENTATIONS = YES;
				CLANG_WARN_DIRECT_OBJC_ISA_USAGE = YES_ERROR;
				CLANG_WARN_DOCUMENTATION_COMMENTS = YES;
				CLANG_WARN_EMPTY_BODY = YES;
				CLANG_WARN_ENUM_CONVERSION = YES;
				CLANG_WARN_INFINITE_RECURSION = YES;
				CLANG_WARN_INT_CONVERSION = YES;
				CLANG_WARN_NON_LITERAL_NULL_CONVERSION = YES;
				CLANG_WARN_OBJC_IMPLICIT_RETAIN_SELF = YES;
				CLANG_WARN_OBJC_LITERAL_CONVERSION = YES;
				CLANG_WARN_OBJC_ROOT_CLASS = YES_ERROR;
				CLANG_WARN_RANGE_LOOP_ANALYSIS = YES;
				CLANG_WARN_STRICT_PROTOTYPES = YES;
				CLANG_WARN_SUSPICIOUS_MOVE = YES;
				CLANG_WARN_UNGUARDED_AVAILABILITY = YES_AGGRESSIVE;
				CLANG_WARN_UNREACHABLE_CODE = YES;
				CLANG_WARN__DUPLICATE_METHOD_MATCH = YES;
				COPY_PHASE_STRIP = NO;
				DEBUG_INFORMATION_FORMAT = "dwarf-with-dsym";
				ENABLE_NS_ASSERTIONS = NO;
				ENABLE_STRICT_OBJC_MSGSEND = YES;
				GCC_C_LANGUAGE_STANDARD = gnu11;
				GCC_NO_COMMON_BLOCKS = YES;
				GCC_WARN_64_TO_32_BIT_CONVERSION = YES;
				GCC_WARN_ABOUT_RETURN_TYPE = YES_ERROR;
				GCC_WARN_UNDECLARED_SELECTOR = YES;
				GCC_WARN_UNINITIALIZED_AUTOS = YES_AGGRESSIVE;
				GCC_WARN_UNUSED_FUNCTION = YES;
				GCC_WARN_UNUSED_VARIABLE = YES;
				IPHONEOS_DEPLOYMENT_TARGET = 13.7;
				MTL_ENABLE_DEBUG_INFO = NO;
				MTL_FAST_MATH = YES;
				SDKROOT = iphoneos;
				SWIFT_COMPILATION_MODE = wholemodule;
				SWIFT_OPTIMIZATION_LEVEL = "-O";
				VALIDATE_PRODUCT = YES;
			};
			name = Release;
		};
		DACE8C9B2513B2D8002C8BA9 /* Debug */ = {
			isa = XCBuildConfiguration;
			buildSettings = {
				ASSETCATALOG_COMPILER_APPICON_NAME = AppIcon;
				CODE_SIGN_STYLE = Automatic;
				DEVELOPMENT_TEAM = A2Y4895Q34;
				INFOPLIST_FILE = parcial/Info.plist;
				LD_RUNPATH_SEARCH_PATHS = (
					"$(inherited)",
					"@executable_path/Frameworks",
				);
				PRODUCT_BUNDLE_IDENTIFIER = org.paco.parcial;
				PRODUCT_NAME = "$(TARGET_NAME)";
				SWIFT_VERSION = 5.0;
				TARGETED_DEVICE_FAMILY = "1,2";
			};
			name = Debug;
		};
		DACE8C9C2513B2D8002C8BA9 /* Release */ = {
			isa = XCBuildConfiguration;
			buildSettings = {
				ASSETCATALOG_COMPILER_APPICON_NAME = AppIcon;
				CODE_SIGN_STYLE = Automatic;
				DEVELOPMENT_TEAM = A2Y4895Q34;
				INFOPLIST_FILE = parcial/Info.plist;
				LD_RUNPATH_SEARCH_PATHS = (
					"$(inherited)",
					"@executable_path/Frameworks",
				);
				PRODUCT_BUNDLE_IDENTIFIER = org.paco.parcial;
				PRODUCT_NAME = "$(TARGET_NAME)";
				SWIFT_VERSION = 5.0;
				TARGETED_DEVICE_FAMILY = "1,2";
			};
			name = Release;
		};
/* End XCBuildConfiguration section */

/* Begin XCConfigurationList section */
		DACE8C812513B2D5002C8BA9 /* Build configuration list for PBXProject "parcial" */ = {
			isa = XCConfigurationList;
			buildConfigurations = (
				DACE8C982513B2D8002C8BA9 /* Debug */,
				DACE8C992513B2D8002C8BA9 /* Release */,
			);
			defaultConfigurationIsVisible = 0;
			defaultConfigurationName = Release;
		};
		DACE8C9A2513B2D8002C8BA9 /* Build configuration list for PBXNativeTarget "parcial" */ = {
			isa = XCConfigurationList;
			buildConfigurations = (
				DACE8C9B2513B2D8002C8BA9 /* Debug */,
				DACE8C9C2513B2D8002C8BA9 /* Release */,
			);
			defaultConfigurationIsVisible = 0;
			defaultConfigurationName = Release;
		};
/* End XCConfigurationList section */
	};
	rootObject = DACE8C7E2513B2D5002C8BA9 /* Project object */;
}
