// !$*UTF8*$!
{
	archiveVersion = 1;
	classes = {
	};
	objectVersion = 50;
	objects = {

/* Begin PBXBuildFile section */
		DAC6BAC72522F54D00A0DB6A /* AppDelegate.swift in Sources */ = {isa = PBXBuildFile; fileRef = DAC6BAC62522F54D00A0DB6A /* AppDelegate.swift */; };
		DAC6BAC92522F54D00A0DB6A /* SceneDelegate.swift in Sources */ = {isa = PBXBuildFile; fileRef = DAC6BAC82522F54D00A0DB6A /* SceneDelegate.swift */; };
		DAC6BACE2522F54D00A0DB6A /* Main.storyboard in Resources */ = {isa = PBXBuildFile; fileRef = DAC6BACC2522F54D00A0DB6A /* Main.storyboard */; };
		DAC6BAD02522F55200A0DB6A /* Assets.xcassets in Resources */ = {isa = PBXBuildFile; fileRef = DAC6BACF2522F55200A0DB6A /* Assets.xcassets */; };
		DAC6BAD32522F55200A0DB6A /* LaunchScreen.storyboard in Resources */ = {isa = PBXBuildFile; fileRef = DAC6BAD12522F55200A0DB6A /* LaunchScreen.storyboard */; };
		DAC6BADB2522F5E400A0DB6A /* TableViewController.swift in Sources */ = {isa = PBXBuildFile; fileRef = DAC6BADA2522F5E400A0DB6A /* TableViewController.swift */; };
		DAC6BADD2522F62B00A0DB6A /* iPhones.swift in Sources */ = {isa = PBXBuildFile; fileRef = DAC6BADC2522F62B00A0DB6A /* iPhones.swift */; };
/* End PBXBuildFile section */

/* Begin PBXFileReference section */
		DAC6BAC32522F54D00A0DB6A /* TablesVIews.app */ = {isa = PBXFileReference; explicitFileType = wrapper.application; includeInIndex = 0; path = TablesVIews.app; sourceTree = BUILT_PRODUCTS_DIR; };
		DAC6BAC62522F54D00A0DB6A /* AppDelegate.swift */ = {isa = PBXFileReference; lastKnownFileType = sourcecode.swift; path = AppDelegate.swift; sourceTree = "<group>"; };
		DAC6BAC82522F54D00A0DB6A /* SceneDelegate.swift */ = {isa = PBXFileReference; lastKnownFileType = sourcecode.swift; path = SceneDelegate.swift; sourceTree = "<group>"; };
		DAC6BACD2522F54D00A0DB6A /* Base */ = {isa = PBXFileReference; lastKnownFileType = file.storyboard; name = Base; path = Base.lproj/Main.storyboard; sourceTree = "<group>"; };
		DAC6BACF2522F55200A0DB6A /* Assets.xcassets */ = {isa = PBXFileReference; lastKnownFileType = folder.assetcatalog; path = Assets.xcassets; sourceTree = "<group>"; };
		DAC6BAD22522F55200A0DB6A /* Base */ = {isa = PBXFileReference; lastKnownFileType = file.storyboard; name = Base; path = Base.lproj/LaunchScreen.storyboard; sourceTree = "<group>"; };
		DAC6BAD42522F55200A0DB6A /* Info.plist */ = {isa = PBXFileReference; lastKnownFileType = text.plist.xml; path = Info.plist; sourceTree = "<group>"; };
		DAC6BADA2522F5E400A0DB6A /* TableViewController.swift */ = {isa = PBXFileReference; lastKnownFileType = sourcecode.swift; path = TableViewController.swift; sourceTree = "<group>"; };
		DAC6BADC2522F62B00A0DB6A /* iPhones.swift */ = {isa = PBXFileReference; lastKnownFileType = sourcecode.swift; path = iPhones.swift; sourceTree = "<group>"; };
/* End PBXFileReference section */

/* Begin PBXFrameworksBuildPhase section */
		DAC6BAC02522F54D00A0DB6A /* Frameworks */ = {
			isa = PBXFrameworksBuildPhase;
			buildActionMask = 2147483647;
			files = (
			);
			runOnlyForDeploymentPostprocessing = 0;
		};
/* End PBXFrameworksBuildPhase section */

/* Begin PBXGroup section */
		DAC6BABA2522F54D00A0DB6A = {
			isa = PBXGroup;
			children = (
				DAC6BAC52522F54D00A0DB6A /* TablesVIews */,
				DAC6BAC42522F54D00A0DB6A /* Products */,
			);
			sourceTree = "<group>";
		};
		DAC6BAC42522F54D00A0DB6A /* Products */ = {
			isa = PBXGroup;
			children = (
				DAC6BAC32522F54D00A0DB6A /* TablesVIews.app */,
			);
			name = Products;
			sourceTree = "<group>";
		};
		DAC6BAC52522F54D00A0DB6A /* TablesVIews */ = {
			isa = PBXGroup;
			children = (
				DAC6BAC62522F54D00A0DB6A /* AppDelegate.swift */,
				DAC6BAC82522F54D00A0DB6A /* SceneDelegate.swift */,
				DAC6BACC2522F54D00A0DB6A /* Main.storyboard */,
				DAC6BADC2522F62B00A0DB6A /* iPhones.swift */,
				DAC6BADA2522F5E400A0DB6A /* TableViewController.swift */,
				DAC6BACF2522F55200A0DB6A /* Assets.xcassets */,
				DAC6BAD12522F55200A0DB6A /* LaunchScreen.storyboard */,
				DAC6BAD42522F55200A0DB6A /* Info.plist */,
			);
			path = TablesVIews;
			sourceTree = "<group>";
		};
/* End PBXGroup section */

/* Begin PBXNativeTarget section */
		DAC6BAC22522F54D00A0DB6A /* TablesVIews */ = {
			isa = PBXNativeTarget;
			buildConfigurationList = DAC6BAD72522F55200A0DB6A /* Build configuration list for PBXNativeTarget "TablesVIews" */;
			buildPhases = (
				DAC6BABF2522F54D00A0DB6A /* Sources */,
				DAC6BAC02522F54D00A0DB6A /* Frameworks */,
				DAC6BAC12522F54D00A0DB6A /* Resources */,
			);
			buildRules = (
			);
			dependencies = (
			);
			name = TablesVIews;
			productName = TablesVIews;
			productReference = DAC6BAC32522F54D00A0DB6A /* TablesVIews.app */;
			productType = "com.apple.product-type.application";
		};
/* End PBXNativeTarget section */

/* Begin PBXProject section */
		DAC6BABB2522F54D00A0DB6A /* Project object */ = {
			isa = PBXProject;
			attributes = {
				LastSwiftUpdateCheck = 1170;
				LastUpgradeCheck = 1170;
				ORGANIZATIONNAME = "Francisco Sainz";
				TargetAttributes = {
					DAC6BAC22522F54D00A0DB6A = {
						CreatedOnToolsVersion = 11.7;
					};
				};
			};
			buildConfigurationList = DAC6BABE2522F54D00A0DB6A /* Build configuration list for PBXProject "TablesVIews" */;
			compatibilityVersion = "Xcode 9.3";
			developmentRegion = en;
			hasScannedForEncodings = 0;
			knownRegions = (
				en,
				Base,
			);
			mainGroup = DAC6BABA2522F54D00A0DB6A;
			productRefGroup = DAC6BAC42522F54D00A0DB6A /* Products */;
			projectDirPath = "";
			projectRoot = "";
			targets = (
				DAC6BAC22522F54D00A0DB6A /* TablesVIews */,
			);
		};
/* End PBXProject section */

/* Begin PBXResourcesBuildPhase section */
		DAC6BAC12522F54D00A0DB6A /* Resources */ = {
			isa = PBXResourcesBuildPhase;
			buildActionMask = 2147483647;
			files = (
				DAC6BAD32522F55200A0DB6A /* LaunchScreen.storyboard in Resources */,
				DAC6BAD02522F55200A0DB6A /* Assets.xcassets in Resources */,
				DAC6BACE2522F54D00A0DB6A /* Main.storyboard in Resources */,
			);
			runOnlyForDeploymentPostprocessing = 0;
		};
/* End PBXResourcesBuildPhase section */

/* Begin PBXSourcesBuildPhase section */
		DAC6BABF2522F54D00A0DB6A /* Sources */ = {
			isa = PBXSourcesBuildPhase;
			buildActionMask = 2147483647;
			files = (
				DAC6BAC72522F54D00A0DB6A /* AppDelegate.swift in Sources */,
				DAC6BADB2522F5E400A0DB6A /* TableViewController.swift in Sources */,
				DAC6BADD2522F62B00A0DB6A /* iPhones.swift in Sources */,
				DAC6BAC92522F54D00A0DB6A /* SceneDelegate.swift in Sources */,
			);
			runOnlyForDeploymentPostprocessing = 0;
		};
/* End PBXSourcesBuildPhase section */

/* Begin PBXVariantGroup section */
		DAC6BACC2522F54D00A0DB6A /* Main.storyboard */ = {
			isa = PBXVariantGroup;
			children = (
				DAC6BACD2522F54D00A0DB6A /* Base */,
			);
			name = Main.storyboard;
			sourceTree = "<group>";
		};
		DAC6BAD12522F55200A0DB6A /* LaunchScreen.storyboard */ = {
			isa = PBXVariantGroup;
			children = (
				DAC6BAD22522F55200A0DB6A /* Base */,
			);
			name = LaunchScreen.storyboard;
			sourceTree = "<group>";
		};
/* End PBXVariantGroup section */

/* Begin XCBuildConfiguration section */
		DAC6BAD52522F55200A0DB6A /* Debug */ = {
			isa = XCBuildConfiguration;
			buildSettings = {
				ALWAYS_SEARCH_USER_PATHS = NO;
				CLANG_ANALYZER_NONNULL = YES;
				CLANG_ANALYZER_NUMBER_OBJECT_CONVERSION = YES_AGGRESSIVE;
				CLANG_CXX_LANGUAGE_STANDARD = "gnu++14";
				CLANG_CXX_LIBRARY = "libc++";
				CLANG_ENABLE_MODULES = YES;
				CLANG_ENABLE_OBJC_ARC = YES;
				CLANG_ENABLE_OBJC_WEAK = YES;
				CLANG_WARN_BLOCK_CAPTURE_AUTORELEASING = YES;
				CLANG_WARN_BOOL_CONVERSION = YES;
				CLANG_WARN_COMMA = YES;
				CLANG_WARN_CONSTANT_CONVERSION = YES;
				CLANG_WARN_DEPRECATED_OBJC_IMPLEMENTATIONS = YES;
				CLANG_WARN_DIRECT_OBJC_ISA_USAGE = YES_ERROR;
				CLANG_WARN_DOCUMENTATION_COMMENTS = YES;
				CLANG_WARN_EMPTY_BODY = YES;
				CLANG_WARN_ENUM_CONVERSION = YES;
				CLANG_WARN_INFINITE_RECURSION = YES;
				CLANG_WARN_INT_CONVERSION = YES;
				CLANG_WARN_NON_LITERAL_NULL_CONVERSION = YES;
				CLANG_WARN_OBJC_IMPLICIT_RETAIN_SELF = YES;
				CLANG_WARN_OBJC_LITERAL_CONVERSION = YES;
				CLANG_WARN_OBJC_ROOT_CLASS = YES_ERROR;
				CLANG_WARN_RANGE_LOOP_ANALYSIS = YES;
				CLANG_WARN_STRICT_PROTOTYPES = YES;
				CLANG_WARN_SUSPICIOUS_MOVE = YES;
				CLANG_WARN_UNGUARDED_AVAILABILITY = YES_AGGRESSIVE;
				CLANG_WARN_UNREACHABLE_CODE = YES;
				CLANG_WARN__DUPLICATE_METHOD_MATCH = YES;
				COPY_PHASE_STRIP = NO;
				DEBUG_INFORMATION_FORMAT = dwarf;
				ENABLE_STRICT_OBJC_MSGSEND = YES;
				ENABLE_TESTABILITY = YES;
				GCC_C_LANGUAGE_STANDARD = gnu11;
				GCC_DYNAMIC_NO_PIC = NO;
				GCC_NO_COMMON_BLOCKS = YES;
				GCC_OPTIMIZATION_LEVEL = 0;
				GCC_PREPROCESSOR_DEFINITIONS = (
					"DEBUG=1",
					"$(inherited)",
				);
				GCC_WARN_64_TO_32_BIT_CONVERSION = YES;
				GCC_WARN_ABOUT_RETURN_TYPE = YES_ERROR;
				GCC_WARN_UNDECLARED_SELECTOR = YES;
				GCC_WARN_UNINITIALIZED_AUTOS = YES_AGGRESSIVE;
				GCC_WARN_UNUSED_FUNCTION = YES;
				GCC_WARN_UNUSED_VARIABLE = YES;
				IPHONEOS_DEPLOYMENT_TARGET = 13.7;
				MTL_ENABLE_DEBUG_INFO = INCLUDE_SOURCE;
				MTL_FAST_MATH = YES;
				ONLY_ACTIVE_ARCH = YES;
				SDKROOT = iphoneos;
				SWIFT_ACTIVE_COMPILATION_CONDITIONS = DEBUG;
				SWIFT_OPTIMIZATION_LEVEL = "-Onone";
			};
			name = Debug;
		};
		DAC6BAD62522F55200A0DB6A /* Release */ = {
			isa = XCBuildConfiguration;
			buildSettings = {
				ALWAYS_SEARCH_USER_PATHS = NO;
				CLANG_ANALYZER_NONNULL = YES;
				CLANG_ANALYZER_NUMBER_OBJECT_CONVERSION = YES_AGGRESSIVE;
				CLANG_CXX_LANGUAGE_STANDARD = "gnu++14";
				CLANG_CXX_LIBRARY = "libc++";
				CLANG_ENABLE_MODULES = YES;
				CLANG_ENABLE_OBJC_ARC = YES;
				CLANG_ENABLE_OBJC_WEAK = YES;
				CLANG_WARN_BLOCK_CAPTURE_AUTORELEASING = YES;
				CLANG_WARN_BOOL_CONVERSION = YES;
				CLANG_WARN_COMMA = YES;
				CLANG_WARN_CONSTANT_CONVERSION = YES;
				CLANG_WARN_DEPRECATED_OBJC_IMPLEMENTATIONS = YES;
				CLANG_WARN_DIRECT_OBJC_ISA_USAGE = YES_ERROR;
				CLANG_WARN_DOCUMENTATION_COMMENTS = YES;
				CLANG_WARN_EMPTY_BODY = YES;
				CLANG_WARN_ENUM_CONVERSION = YES;
				CLANG_WARN_INFINITE_RECURSION = YES;
				CLANG_WARN_INT_CONVERSION = YES;
				CLANG_WARN_NON_LITERAL_NULL_CONVERSION = YES;
				CLANG_WARN_OBJC_IMPLICIT_RETAIN_SELF = YES;
				CLANG_WARN_OBJC_LITERAL_CONVERSION = YES;
				CLANG_WARN_OBJC_ROOT_CLASS = YES_ERROR;
				CLANG_WARN_RANGE_LOOP_ANALYSIS = YES;
				CLANG_WARN_STRICT_PROTOTYPES = YES;
				CLANG_WARN_SUSPICIOUS_MOVE = YES;
				CLANG_WARN_UNGUARDED_AVAILABILITY = YES_AGGRESSIVE;
				CLANG_WARN_UNREACHABLE_CODE = YES;
				CLANG_WARN__DUPLICATE_METHOD_MATCH = YES;
				COPY_PHASE_STRIP = NO;
				DEBUG_INFORMATION_FORMAT = "dwarf-with-dsym";
				ENABLE_NS_ASSERTIONS = NO;
				ENABLE_STRICT_OBJC_MSGSEND = YES;
				GCC_C_LANGUAGE_STANDARD = gnu11;
				GCC_NO_COMMON_BLOCKS = YES;
				GCC_WARN_64_TO_32_BIT_CONVERSION = YES;
				GCC_WARN_ABOUT_RETURN_TYPE = YES_ERROR;
				GCC_WARN_UNDECLARED_SELECTOR = YES;
				GCC_WARN_UNINITIALIZED_AUTOS = YES_AGGRESSIVE;
				GCC_WARN_UNUSED_FUNCTION = YES;
				GCC_WARN_UNUSED_VARIABLE = YES;
				IPHONEOS_DEPLOYMENT_TARGET = 13.7;
				MTL_ENABLE_DEBUG_INFO = NO;
				MTL_FAST_MATH = YES;
				SDKROOT = iphoneos;
				SWIFT_COMPILATION_MODE = wholemodule;
				SWIFT_OPTIMIZATION_LEVEL = "-O";
				VALIDATE_PRODUCT = YES;
			};
			name = Release;
		};
		DAC6BAD82522F55200A0DB6A /* Debug */ = {
			isa = XCBuildConfiguration;
			buildSettings = {
				ASSETCATALOG_COMPILER_APPICON_NAME = AppIcon;
				CODE_SIGN_STYLE = Automatic;
				DEVELOPMENT_TEAM = A2Y4895Q34;
				INFOPLIST_FILE = TablesVIews/Info.plist;
				LD_RUNPATH_SEARCH_PATHS = (
					"$(inherited)",
					"@executable_path/Frameworks",
				);
				PRODUCT_BUNDLE_IDENTIFIER = org.paco.TablesVIews;
				PRODUCT_NAME = "$(TARGET_NAME)";
				SWIFT_VERSION = 5.0;
				TARGETED_DEVICE_FAMILY = "1,2";
			};
			name = Debug;
		};
		DAC6BAD92522F55200A0DB6A /* Release */ = {
			isa = XCBuildConfiguration;
			buildSettings = {
				ASSETCATALOG_COMPILER_APPICON_NAME = AppIcon;
				CODE_SIGN_STYLE = Automatic;
				DEVELOPMENT_TEAM = A2Y4895Q34;
				INFOPLIST_FILE = TablesVIews/Info.plist;
				LD_RUNPATH_SEARCH_PATHS = (
					"$(inherited)",
					"@executable_path/Frameworks",
				);
				PRODUCT_BUNDLE_IDENTIFIER = org.paco.TablesVIews;
				PRODUCT_NAME = "$(TARGET_NAME)";
				SWIFT_VERSION = 5.0;
				TARGETED_DEVICE_FAMILY = "1,2";
			};
			name = Release;
		};
/* End XCBuildConfiguration section */

/* Begin XCConfigurationList section */
		DAC6BABE2522F54D00A0DB6A /* Build configuration list for PBXProject "TablesVIews" */ = {
			isa = XCConfigurationList;
			buildConfigurations = (
				DAC6BAD52522F55200A0DB6A /* Debug */,
				DAC6BAD62522F55200A0DB6A /* Release */,
			);
			defaultConfigurationIsVisible = 0;
			defaultConfigurationName = Release;
		};
		DAC6BAD72522F55200A0DB6A /* Build configuration list for PBXNativeTarget "TablesVIews" */ = {
			isa = XCConfigurationList;
			buildConfigurations = (
				DAC6BAD82522F55200A0DB6A /* Debug */,
				DAC6BAD92522F55200A0DB6A /* Release */,
			);
			defaultConfigurationIsVisible = 0;
			defaultConfigurationName = Release;
		};
/* End XCConfigurationList section */
	};
	rootObject = DAC6BABB2522F54D00A0DB6A /* Project object */;
}
